// !$*UTF8*$!
{
	archiveVersion = 1;
	classes = {
	};
	objectVersion = 50;
	objects = {

/* Begin PBXBuildFile section */
		E99062C3221B551E00F0063F /* AppDelegate.swift in Sources */ = {isa = PBXBuildFile; fileRef = E99062C2221B551E00F0063F /* AppDelegate.swift */; };
		E99062C7221B551E00F0063F /* ViewController.swift in Sources */ = {isa = PBXBuildFile; fileRef = E99062C6221B551E00F0063F /* ViewController.swift */; };
		E99062CA221B551E00F0063F /* Main.storyboard in Resources */ = {isa = PBXBuildFile; fileRef = E99062C8221B551E00F0063F /* Main.storyboard */; };
		E99062CC221B551F00F0063F /* Assets.xcassets in Resources */ = {isa = PBXBuildFile; fileRef = E99062CB221B551F00F0063F /* Assets.xcassets */; };
		E99062CF221B551F00F0063F /* LaunchScreen.storyboard in Resources */ = {isa = PBXBuildFile; fileRef = E99062CD221B551F00F0063F /* LaunchScreen.storyboard */; };
		E99062E6221C783F00F0063F /* config.xml in Resources */ = {isa = PBXBuildFile; fileRef = E99062E5221C783F00F0063F /* config.xml */; };
		E99062E9221C794500F0063F /* index.html in Resources */ = {isa = PBXBuildFile; fileRef = E99062E8221C794500F0063F /* index.html */; };
/* End PBXBuildFile section */

/* Begin PBXCopyFilesBuildPhase section */
		E99062FE221C7F8700F0063F /* Embed Frameworks */ = {
			isa = PBXCopyFilesBuildPhase;
			buildActionMask = 2147483647;
			dstPath = "";
			dstSubfolderSpec = 10;
			files = (
			);
			name = "Embed Frameworks";
			runOnlyForDeploymentPostprocessing = 0;
		};
/* End PBXCopyFilesBuildPhase section */

/* Begin PBXFileReference section */
		E99062BF221B551E00F0063F /* arbrowser.app */ = {isa = PBXFileReference; explicitFileType = wrapper.application; includeInIndex = 0; path = arbrowser.app; sourceTree = BUILT_PRODUCTS_DIR; };
		E99062C2221B551E00F0063F /* AppDelegate.swift */ = {isa = PBXFileReference; lastKnownFileType = sourcecode.swift; path = AppDelegate.swift; sourceTree = "<group>"; };
		E99062C6221B551E00F0063F /* ViewController.swift */ = {isa = PBXFileReference; lastKnownFileType = sourcecode.swift; path = ViewController.swift; sourceTree = "<group>"; };
		E99062C9221B551E00F0063F /* Base */ = {isa = PBXFileReference; lastKnownFileType = file.storyboard; name = Base; path = Base.lproj/Main.storyboard; sourceTree = "<group>"; };
		E99062CB221B551F00F0063F /* Assets.xcassets */ = {isa = PBXFileReference; lastKnownFileType = folder.assetcatalog; path = Assets.xcassets; sourceTree = "<group>"; };
		E99062CE221B551F00F0063F /* Base */ = {isa = PBXFileReference; lastKnownFileType = file.storyboard; name = Base; path = Base.lproj/LaunchScreen.storyboard; sourceTree = "<group>"; };
		E99062D0221B551F00F0063F /* Info.plist */ = {isa = PBXFileReference; lastKnownFileType = text.plist.xml; path = Info.plist; sourceTree = "<group>"; };
		E99062E0221C732E00F0063F /* arbrowser-Bridging-Header.h */ = {isa = PBXFileReference; lastKnownFileType = sourcecode.c.h; path = "arbrowser-Bridging-Header.h"; sourceTree = "<group>"; };
		E99062E5221C783F00F0063F /* config.xml */ = {isa = PBXFileReference; fileEncoding = 4; lastKnownFileType = text.xml; path = config.xml; sourceTree = "<group>"; };
		E99062E8221C794500F0063F /* index.html */ = {isa = PBXFileReference; fileEncoding = 4; lastKnownFileType = text.html; path = index.html; sourceTree = "<group>"; };
/* End PBXFileReference section */

/* Begin PBXFrameworksBuildPhase section */
		E99062BC221B551E00F0063F /* Frameworks */ = {
			isa = PBXFrameworksBuildPhase;
			buildActionMask = 2147483647;
			files = (
			);
			runOnlyForDeploymentPostprocessing = 0;
		};
/* End PBXFrameworksBuildPhase section */

/* Begin PBXGroup section */
		E99062B6221B551E00F0063F = {
			isa = PBXGroup;
			children = (
				E99062C1221B551E00F0063F /* arbrowser */,
				E99062C0221B551E00F0063F /* Products */,
			);
			sourceTree = "<group>";
		};
		E99062C0221B551E00F0063F /* Products */ = {
			isa = PBXGroup;
			children = (
				E99062BF221B551E00F0063F /* arbrowser.app */,
			);
			name = Products;
			sourceTree = "<group>";
		};
		E99062C1221B551E00F0063F /* arbrowser */ = {
			isa = PBXGroup;
			children = (
				E99062C2221B551E00F0063F /* AppDelegate.swift */,
				E99062C6221B551E00F0063F /* ViewController.swift */,
				E99062E5221C783F00F0063F /* config.xml */,
				E99062E7221C794500F0063F /* www */,
				E99062C8221B551E00F0063F /* Main.storyboard */,
				E99062CB221B551F00F0063F /* Assets.xcassets */,
				E99062CD221B551F00F0063F /* LaunchScreen.storyboard */,
				E99062D0221B551F00F0063F /* Info.plist */,
				E99062E0221C732E00F0063F /* arbrowser-Bridging-Header.h */,
			);
			path = arbrowser;
			sourceTree = "<group>";
		};
		E99062E7221C794500F0063F /* www */ = {
			isa = PBXGroup;
			children = (
				E99062E8221C794500F0063F /* index.html */,
			);
			path = www;
			sourceTree = "<group>";
		};
/* End PBXGroup section */

/* Begin PBXNativeTarget section */
		E99062BE221B551E00F0063F /* arbrowser */ = {
			isa = PBXNativeTarget;
			buildConfigurationList = E99062D3221B551F00F0063F /* Build configuration list for PBXNativeTarget "arbrowser" */;
			buildPhases = (
				E99062BB221B551E00F0063F /* Sources */,
				E99062BC221B551E00F0063F /* Frameworks */,
				E99062BD221B551E00F0063F /* Resources */,
				E99062FE221C7F8700F0063F /* Embed Frameworks */,
			);
			buildRules = (
			);
			dependencies = (
			);
			name = arbrowser;
			productName = arbrowser;
			productReference = E99062BF221B551E00F0063F /* arbrowser.app */;
			productType = "com.apple.product-type.application";
		};
/* End PBXNativeTarget section */

/* Begin PBXProject section */
		E99062B7221B551E00F0063F /* Project object */ = {
			isa = PBXProject;
			attributes = {
				LastSwiftUpdateCheck = 1010;
				LastUpgradeCheck = 1010;
				ORGANIZATIONNAME = Lab11;
				TargetAttributes = {
					E99062BE221B551E00F0063F = {
						CreatedOnToolsVersion = 10.1;
						LastSwiftMigration = 1010;
					};
				};
			};
			buildConfigurationList = E99062BA221B551E00F0063F /* Build configuration list for PBXProject "arbrowser" */;
			compatibilityVersion = "Xcode 9.3";
			developmentRegion = en;
			hasScannedForEncodings = 0;
			knownRegions = (
				en,
				Base,
			);
			mainGroup = E99062B6221B551E00F0063F;
			productRefGroup = E99062C0221B551E00F0063F /* Products */;
			projectDirPath = "";
			projectRoot = "";
			targets = (
				E99062BE221B551E00F0063F /* arbrowser */,
			);
		};
/* End PBXProject section */

/* Begin PBXResourcesBuildPhase section */
		E99062BD221B551E00F0063F /* Resources */ = {
			isa = PBXResourcesBuildPhase;
			buildActionMask = 2147483647;
			files = (
				E99062E9221C794500F0063F /* index.html in Resources */,
				E99062CF221B551F00F0063F /* LaunchScreen.storyboard in Resources */,
				E99062CC221B551F00F0063F /* Assets.xcassets in Resources */,
				E99062CA221B551E00F0063F /* Main.storyboard in Resources */,
				E99062E6221C783F00F0063F /* config.xml in Resources */,
			);
			runOnlyForDeploymentPostprocessing = 0;
		};
/* End PBXResourcesBuildPhase section */

/* Begin PBXSourcesBuildPhase section */
		E99062BB221B551E00F0063F /* Sources */ = {
			isa = PBXSourcesBuildPhase;
			buildActionMask = 2147483647;
			files = (
				E99062C7221B551E00F0063F /* ViewController.swift in Sources */,
				E99062C3221B551E00F0063F /* AppDelegate.swift in Sources */,
			);
			runOnlyForDeploymentPostprocessing = 0;
		};
/* End PBXSourcesBuildPhase section */

/* Begin PBXVariantGroup section */
		E99062C8221B551E00F0063F /* Main.storyboard */ = {
			isa = PBXVariantGroup;
			children = (
				E99062C9221B551E00F0063F /* Base */,
			);
			name = Main.storyboard;
			sourceTree = "<group>";
		};
		E99062CD221B551F00F0063F /* LaunchScreen.storyboard */ = {
			isa = PBXVariantGroup;
			children = (
				E99062CE221B551F00F0063F /* Base */,
			);
			name = LaunchScreen.storyboard;
			sourceTree = "<group>";
		};
/* End PBXVariantGroup section */

/* Begin XCBuildConfiguration section */
		E99062D1221B551F00F0063F /* Debug */ = {
			isa = XCBuildConfiguration;
			buildSettings = {
				ALWAYS_SEARCH_USER_PATHS = NO;
				CLANG_ANALYZER_NONNULL = YES;
				CLANG_ANALYZER_NUMBER_OBJECT_CONVERSION = YES_AGGRESSIVE;
				CLANG_CXX_LANGUAGE_STANDARD = "gnu++14";
				CLANG_CXX_LIBRARY = "libc++";
				CLANG_ENABLE_MODULES = YES;
				CLANG_ENABLE_OBJC_ARC = YES;
				CLANG_ENABLE_OBJC_WEAK = YES;
				CLANG_WARN_BLOCK_CAPTURE_AUTORELEASING = YES;
				CLANG_WARN_BOOL_CONVERSION = YES;
				CLANG_WARN_COMMA = YES;
				CLANG_WARN_CONSTANT_CONVERSION = YES;
				CLANG_WARN_DEPRECATED_OBJC_IMPLEMENTATIONS = YES;
				CLANG_WARN_DIRECT_OBJC_ISA_USAGE = YES_ERROR;
				CLANG_WARN_DOCUMENTATION_COMMENTS = YES;
				CLANG_WARN_EMPTY_BODY = YES;
				CLANG_WARN_ENUM_CONVERSION = YES;
				CLANG_WARN_INFINITE_RECURSION = YES;
				CLANG_WARN_INT_CONVERSION = YES;
				CLANG_WARN_NON_LITERAL_NULL_CONVERSION = YES;
				CLANG_WARN_OBJC_IMPLICIT_RETAIN_SELF = YES;
				CLANG_WARN_OBJC_LITERAL_CONVERSION = YES;
				CLANG_WARN_OBJC_ROOT_CLASS = YES_ERROR;
				CLANG_WARN_RANGE_LOOP_ANALYSIS = YES;
				CLANG_WARN_STRICT_PROTOTYPES = YES;
				CLANG_WARN_SUSPICIOUS_MOVE = YES;
				CLANG_WARN_UNGUARDED_AVAILABILITY = YES_AGGRESSIVE;
				CLANG_WARN_UNREACHABLE_CODE = YES;
				CLANG_WARN__DUPLICATE_METHOD_MATCH = YES;
				CODE_SIGN_IDENTITY = "iPhone Developer";
				COPY_PHASE_STRIP = NO;
				DEBUG_INFORMATION_FORMAT = dwarf;
				ENABLE_STRICT_OBJC_MSGSEND = YES;
				ENABLE_TESTABILITY = YES;
				GCC_C_LANGUAGE_STANDARD = gnu11;
				GCC_DYNAMIC_NO_PIC = NO;
				GCC_NO_COMMON_BLOCKS = YES;
				GCC_OPTIMIZATION_LEVEL = 0;
				GCC_PREPROCESSOR_DEFINITIONS = (
					"DEBUG=1",
					"$(inherited)",
				);
				GCC_WARN_64_TO_32_BIT_CONVERSION = YES;
				GCC_WARN_ABOUT_RETURN_TYPE = YES_ERROR;
				GCC_WARN_UNDECLARED_SELECTOR = YES;
				GCC_WARN_UNINITIALIZED_AUTOS = YES_AGGRESSIVE;
				GCC_WARN_UNUSED_FUNCTION = YES;
				GCC_WARN_UNUSED_VARIABLE = YES;
				IPHONEOS_DEPLOYMENT_TARGET = 12.1;
				MTL_ENABLE_DEBUG_INFO = INCLUDE_SOURCE;
				MTL_FAST_MATH = YES;
				ONLY_ACTIVE_ARCH = YES;
				SDKROOT = iphoneos;
				SWIFT_ACTIVE_COMPILATION_CONDITIONS = DEBUG;
				SWIFT_OPTIMIZATION_LEVEL = "-Onone";
			};
			name = Debug;
		};
		E99062D2221B551F00F0063F /* Release */ = {
			isa = XCBuildConfiguration;
			buildSettings = {
				ALWAYS_SEARCH_USER_PATHS = NO;
				CLANG_ANALYZER_NONNULL = YES;
				CLANG_ANALYZER_NUMBER_OBJECT_CONVERSION = YES_AGGRESSIVE;
				CLANG_CXX_LANGUAGE_STANDARD = "gnu++14";
				CLANG_CXX_LIBRARY = "libc++";
				CLANG_ENABLE_MODULES = YES;
				CLANG_ENABLE_OBJC_ARC = YES;
				CLANG_ENABLE_OBJC_WEAK = YES;
				CLANG_WARN_BLOCK_CAPTURE_AUTORELEASING = YES;
				CLANG_WARN_BOOL_CONVERSION = YES;
				CLANG_WARN_COMMA = YES;
				CLANG_WARN_CONSTANT_CONVERSION = YES;
				CLANG_WARN_DEPRECATED_OBJC_IMPLEMENTATIONS = YES;
				CLANG_WARN_DIRECT_OBJC_ISA_USAGE = YES_ERROR;
				CLANG_WARN_DOCUMENTATION_COMMENTS = YES;
				CLANG_WARN_EMPTY_BODY = YES;
				CLANG_WARN_ENUM_CONVERSION = YES;
				CLANG_WARN_INFINITE_RECURSION = YES;
				CLANG_WARN_INT_CONVERSION = YES;
				CLANG_WARN_NON_LITERAL_NULL_CONVERSION = YES;
				CLANG_WARN_OBJC_IMPLICIT_RETAIN_SELF = YES;
				CLANG_WARN_OBJC_LITERAL_CONVERSION = YES;
				CLANG_WARN_OBJC_ROOT_CLASS = YES_ERROR;
				CLANG_WARN_RANGE_LOOP_ANALYSIS = YES;
				CLANG_WARN_STRICT_PROTOTYPES = YES;
				CLANG_WARN_SUSPICIOUS_MOVE = YES;
				CLANG_WARN_UNGUARDED_AVAILABILITY = YES_AGGRESSIVE;
				CLANG_WARN_UNREACHABLE_CODE = YES;
				CLANG_WARN__DUPLICATE_METHOD_MATCH = YES;
				CODE_SIGN_IDENTITY = "iPhone Developer";
				COPY_PHASE_STRIP = NO;
				DEBUG_INFORMATION_FORMAT = "dwarf-with-dsym";
				ENABLE_NS_ASSERTIONS = NO;
				ENABLE_STRICT_OBJC_MSGSEND = YES;
				GCC_C_LANGUAGE_STANDARD = gnu11;
				GCC_NO_COMMON_BLOCKS = YES;
				GCC_WARN_64_TO_32_BIT_CONVERSION = YES;
				GCC_WARN_ABOUT_RETURN_TYPE = YES_ERROR;
				GCC_WARN_UNDECLARED_SELECTOR = YES;
				GCC_WARN_UNINITIALIZED_AUTOS = YES_AGGRESSIVE;
				GCC_WARN_UNUSED_FUNCTION = YES;
				GCC_WARN_UNUSED_VARIABLE = YES;
				IPHONEOS_DEPLOYMENT_TARGET = 12.1;
				MTL_ENABLE_DEBUG_INFO = NO;
				MTL_FAST_MATH = YES;
				SDKROOT = iphoneos;
				SWIFT_COMPILATION_MODE = wholemodule;
				SWIFT_OPTIMIZATION_LEVEL = "-O";
				VALIDATE_PRODUCT = YES;
			};
			name = Release;
		};
		E99062D4221B551F00F0063F /* Debug */ = {
			isa = XCBuildConfiguration;
			buildSettings = {
				ASSETCATALOG_COMPILER_APPICON_NAME = AppIcon;
				CLANG_ENABLE_MODULES = YES;
				CODE_SIGN_STYLE = Automatic;
				DEVELOPMENT_TEAM = 77RS4Q55EN;
				FRAMEWORK_SEARCH_PATHS = (
					"$(inherited)",
					"$(PROJECT_DIR)",
					"$(PROJECT_DIR)/arbrowser",
					"$(PROJECT_DIR)/Frameworks",
				);
				INFOPLIST_FILE = arbrowser/Info.plist;
				IPHONEOS_DEPLOYMENT_TARGET = 11.0;
				LD_RUNPATH_SEARCH_PATHS = (
					"$(inherited)",
					"@executable_path/Frameworks",
				);
				PRODUCT_BUNDLE_IDENTIFIER = edu.berkeley.eecs.lab11.arbrowser;
				PRODUCT_NAME = "$(TARGET_NAME)";
				SWIFT_OBJC_BRIDGING_HEADER = "arbrowser/arbrowser-Bridging-Header.h";
				SWIFT_OPTIMIZATION_LEVEL = "-Onone";
				SWIFT_VERSION = 4.2;
				TARGETED_DEVICE_FAMILY = "1,2";
			};
			name = Debug;
		};
		E99062D5221B551F00F0063F /* Release */ = {
			isa = XCBuildConfiguration;
			buildSettings = {
				ASSETCATALOG_COMPILER_APPICON_NAME = AppIcon;
				CLANG_ENABLE_MODULES = YES;
				CODE_SIGN_STYLE = Automatic;
				DEVELOPMENT_TEAM = 77RS4Q55EN;
				FRAMEWORK_SEARCH_PATHS = (
					"$(inherited)",
					"$(PROJECT_DIR)",
					"$(PROJECT_DIR)/arbrowser",
					"$(PROJECT_DIR)/Frameworks",
				);
				INFOPLIST_FILE = arbrowser/Info.plist;
				IPHONEOS_DEPLOYMENT_TARGET = 11.0;
				LD_RUNPATH_SEARCH_PATHS = (
					"$(inherited)",
					"@executable_path/Frameworks",
				);
				PRODUCT_BUNDLE_IDENTIFIER = edu.berkeley.eecs.lab11.arbrowser;
				PRODUCT_NAME = "$(TARGET_NAME)";
				SWIFT_OBJC_BRIDGING_HEADER = "arbrowser/arbrowser-Bridging-Header.h";
				SWIFT_VERSION = 4.2;
				TARGETED_DEVICE_FAMILY = "1,2";
			};
			name = Release;
		};
/* End XCBuildConfiguration section */

/* Begin XCConfigurationList section */
		E99062BA221B551E00F0063F /* Build configuration list for PBXProject "arbrowser" */ = {
			isa = XCConfigurationList;
			buildConfigurations = (
				E99062D1221B551F00F0063F /* Debug */,
				E99062D2221B551F00F0063F /* Release */,
			);
			defaultConfigurationIsVisible = 0;
			defaultConfigurationName = Release;
		};
		E99062D3221B551F00F0063F /* Build configuration list for PBXNativeTarget "arbrowser" */ = {
			isa = XCConfigurationList;
			buildConfigurations = (
				E99062D4221B551F00F0063F /* Debug */,
				E99062D5221B551F00F0063F /* Release */,
			);
			defaultConfigurationIsVisible = 0;
			defaultConfigurationName = Release;
		};
/* End XCConfigurationList section */
	};
	rootObject = E99062B7221B551E00F0063F /* Project object */;
}
