// !$*UTF8*$!
{
	archiveVersion = 1;
	classes = {
	};
	objectVersion = 50;
	objects = {

/* Begin PBXBuildFile section */
		E9575B9E2224512D00618F10 /* www in Resources */ = {isa = PBXBuildFile; fileRef = E9575B9D2224512C00618F10 /* www */; };
		E9575BBC22245BC400618F10 /* CoreBluetooth.framework in Frameworks */ = {isa = PBXBuildFile; fileRef = E9575BB822245B1B00618F10 /* CoreBluetooth.framework */; };
		E9575BBE22245C8900618F10 /* WebKit.framework in Frameworks */ = {isa = PBXBuildFile; fileRef = E9575BBD22245C8800618F10 /* WebKit.framework */; settings = {ATTRIBUTES = (Weak, ); }; };
		E97AEBD12241B1F200E6C99E /* libCordova.a in Frameworks */ = {isa = PBXBuildFile; fileRef = E97AEBC92241AFEB00E6C99E /* libCordova.a */; };
		E97AEBDB2241B48A00E6C99E /* SwiftLinkPreview.swift in Sources */ = {isa = PBXBuildFile; fileRef = E97AEBD32241B48A00E6C99E /* SwiftLinkPreview.swift */; };
		E97AEBDC2241B48A00E6C99E /* NSURLSessionExtension.swift in Sources */ = {isa = PBXBuildFile; fileRef = E97AEBD42241B48A00E6C99E /* NSURLSessionExtension.swift */; };
		E97AEBDD2241B48A00E6C99E /* ResponseExtension.swift in Sources */ = {isa = PBXBuildFile; fileRef = E97AEBD52241B48A00E6C99E /* ResponseExtension.swift */; };
		E97AEBDE2241B48A00E6C99E /* Response.swift in Sources */ = {isa = PBXBuildFile; fileRef = E97AEBD62241B48A00E6C99E /* Response.swift */; };
		E97AEBDF2241B48A00E6C99E /* Regex.swift in Sources */ = {isa = PBXBuildFile; fileRef = E97AEBD72241B48A00E6C99E /* Regex.swift */; };
		E97AEBE02241B48A00E6C99E /* Cache.swift in Sources */ = {isa = PBXBuildFile; fileRef = E97AEBD82241B48A00E6C99E /* Cache.swift */; };
		E97AEBE12241B48A00E6C99E /* StringExtension.swift in Sources */ = {isa = PBXBuildFile; fileRef = E97AEBD92241B48A00E6C99E /* StringExtension.swift */; };
		E97AEBE22241B48A00E6C99E /* PreviewError.swift in Sources */ = {isa = PBXBuildFile; fileRef = E97AEBDA2241B48A00E6C99E /* PreviewError.swift */; };
		E99062C3221B551E00F0063F /* AppDelegate.swift in Sources */ = {isa = PBXBuildFile; fileRef = E99062C2221B551E00F0063F /* AppDelegate.swift */; };
		E99062C7221B551E00F0063F /* ViewController.swift in Sources */ = {isa = PBXBuildFile; fileRef = E99062C6221B551E00F0063F /* ViewController.swift */; };
		E99062CA221B551E00F0063F /* Main.storyboard in Resources */ = {isa = PBXBuildFile; fileRef = E99062C8221B551E00F0063F /* Main.storyboard */; };
		E99062CC221B551F00F0063F /* Assets.xcassets in Resources */ = {isa = PBXBuildFile; fileRef = E99062CB221B551F00F0063F /* Assets.xcassets */; };
		E99062CF221B551F00F0063F /* LaunchScreen.storyboard in Resources */ = {isa = PBXBuildFile; fileRef = E99062CD221B551F00F0063F /* LaunchScreen.storyboard */; };
		E99062E6221C783F00F0063F /* config.xml in Resources */ = {isa = PBXBuildFile; fileRef = E99062E5221C783F00F0063F /* config.xml */; };
		E9FCCC7F223082980074EC5F /* CBPeripheral+Extensions.m in Sources */ = {isa = PBXBuildFile; fileRef = E9FCCC6A223082980074EC5F /* CBPeripheral+Extensions.m */; };
		E9FCCC80223082980074EC5F /* BLECommandContext.m in Sources */ = {isa = PBXBuildFile; fileRef = E9FCCC6B223082980074EC5F /* BLECommandContext.m */; };
		E9FCCC81223082980074EC5F /* BLECentralPlugin.m in Sources */ = {isa = PBXBuildFile; fileRef = E9FCCC6C223082980074EC5F /* BLECentralPlugin.m */; };
		E9FCCC82223082980074EC5F /* README in Resources */ = {isa = PBXBuildFile; fileRef = E9FCCC70223082980074EC5F /* README */; };
		E9FCCC83223082980074EC5F /* GCDAsyncUdpSocket.m in Sources */ = {isa = PBXBuildFile; fileRef = E9FCCC72223082980074EC5F /* GCDAsyncUdpSocket.m */; };
		E9FCCC84223082980074EC5F /* GCDAsyncSocket.m in Sources */ = {isa = PBXBuildFile; fileRef = E9FCCC73223082980074EC5F /* GCDAsyncSocket.m */; };
		E9FCCC85223082980074EC5F /* ChromeSocketsUdp.m in Sources */ = {isa = PBXBuildFile; fileRef = E9FCCC77223082980074EC5F /* ChromeSocketsUdp.m */; };
		E9FCCC86223082980074EC5F /* CDVWKWebViewEngine.m in Sources */ = {isa = PBXBuildFile; fileRef = E9FCCC7A223082980074EC5F /* CDVWKWebViewEngine.m */; };
		E9FCCC87223082980074EC5F /* CDVWKWebViewUIDelegate.m in Sources */ = {isa = PBXBuildFile; fileRef = E9FCCC7C223082980074EC5F /* CDVWKWebViewUIDelegate.m */; };
		E9FCCC88223082980074EC5F /* CDVWKProcessPoolFactory.m in Sources */ = {isa = PBXBuildFile; fileRef = E9FCCC7E223082980074EC5F /* CDVWKProcessPoolFactory.m */; };
/* End PBXBuildFile section */

/* Begin PBXContainerItemProxy section */
		E97AEBC82241AFEB00E6C99E /* PBXContainerItemProxy */ = {
			isa = PBXContainerItemProxy;
			containerPortal = E97AEBC22241AFEB00E6C99E /* CordovaLib.xcodeproj */;
			proxyType = 2;
			remoteGlobalIDString = 68A32D7114102E1C006B237C;
			remoteInfo = CordovaLib;
		};
		E97AEBCA2241AFEB00E6C99E /* PBXContainerItemProxy */ = {
			isa = PBXContainerItemProxy;
			containerPortal = E97AEBC22241AFEB00E6C99E /* CordovaLib.xcodeproj */;
			proxyType = 2;
			remoteGlobalIDString = C0C01EB21E3911D50056E6CB;
			remoteInfo = Cordova;
		};
		E97AEBCC2241B09A00E6C99E /* PBXContainerItemProxy */ = {
			isa = PBXContainerItemProxy;
			containerPortal = E97AEBC22241AFEB00E6C99E /* CordovaLib.xcodeproj */;
			proxyType = 1;
			remoteGlobalIDString = D2AAC07D0554694100DB518D;
			remoteInfo = CordovaLib;
		};
/* End PBXContainerItemProxy section */

/* Begin PBXCopyFilesBuildPhase section */
		E99062FE221C7F8700F0063F /* Embed Frameworks */ = {
			isa = PBXCopyFilesBuildPhase;
			buildActionMask = 2147483647;
			dstPath = "";
			dstSubfolderSpec = 10;
			files = (
			);
			name = "Embed Frameworks";
			runOnlyForDeploymentPostprocessing = 0;
		};
/* End PBXCopyFilesBuildPhase section */

/* Begin PBXFileReference section */
		E9575B8E2224203D00618F10 /* AssetsLibrary.framework */ = {isa = PBXFileReference; lastKnownFileType = wrapper.framework; name = AssetsLibrary.framework; path = System/Library/Frameworks/AssetsLibrary.framework; sourceTree = SDKROOT; };
		E9575B902224204A00618F10 /* CoreLocation.framework */ = {isa = PBXFileReference; lastKnownFileType = wrapper.framework; name = CoreLocation.framework; path = System/Library/Frameworks/CoreLocation.framework; sourceTree = SDKROOT; };
		E9575B922224205300618F10 /* CoreGraphics.framework */ = {isa = PBXFileReference; lastKnownFileType = wrapper.framework; name = CoreGraphics.framework; path = System/Library/Frameworks/CoreGraphics.framework; sourceTree = SDKROOT; };
		E9575B942224205C00618F10 /* MobileCoreServices.framework */ = {isa = PBXFileReference; lastKnownFileType = wrapper.framework; name = MobileCoreServices.framework; path = System/Library/Frameworks/MobileCoreServices.framework; sourceTree = SDKROOT; };
		E9575B9D2224512C00618F10 /* www */ = {isa = PBXFileReference; lastKnownFileType = folder; path = www; sourceTree = "<group>"; };
		E9575BB822245B1B00618F10 /* CoreBluetooth.framework */ = {isa = PBXFileReference; lastKnownFileType = wrapper.framework; name = CoreBluetooth.framework; path = System/Library/Frameworks/CoreBluetooth.framework; sourceTree = SDKROOT; };
		E9575BBD22245C8800618F10 /* WebKit.framework */ = {isa = PBXFileReference; lastKnownFileType = wrapper.framework; name = WebKit.framework; path = System/Library/Frameworks/WebKit.framework; sourceTree = SDKROOT; };
		E97AEBC22241AFEB00E6C99E /* CordovaLib.xcodeproj */ = {isa = PBXFileReference; lastKnownFileType = "wrapper.pb-project"; name = CordovaLib.xcodeproj; path = CordovaLib/CordovaLib.xcodeproj; sourceTree = "<group>"; };
		E97AEBD32241B48A00E6C99E /* SwiftLinkPreview.swift */ = {isa = PBXFileReference; fileEncoding = 4; lastKnownFileType = sourcecode.swift; path = SwiftLinkPreview.swift; sourceTree = "<group>"; };
		E97AEBD42241B48A00E6C99E /* NSURLSessionExtension.swift */ = {isa = PBXFileReference; fileEncoding = 4; lastKnownFileType = sourcecode.swift; path = NSURLSessionExtension.swift; sourceTree = "<group>"; };
		E97AEBD52241B48A00E6C99E /* ResponseExtension.swift */ = {isa = PBXFileReference; fileEncoding = 4; lastKnownFileType = sourcecode.swift; path = ResponseExtension.swift; sourceTree = "<group>"; };
		E97AEBD62241B48A00E6C99E /* Response.swift */ = {isa = PBXFileReference; fileEncoding = 4; lastKnownFileType = sourcecode.swift; path = Response.swift; sourceTree = "<group>"; };
		E97AEBD72241B48A00E6C99E /* Regex.swift */ = {isa = PBXFileReference; fileEncoding = 4; lastKnownFileType = sourcecode.swift; path = Regex.swift; sourceTree = "<group>"; };
		E97AEBD82241B48A00E6C99E /* Cache.swift */ = {isa = PBXFileReference; fileEncoding = 4; lastKnownFileType = sourcecode.swift; path = Cache.swift; sourceTree = "<group>"; };
		E97AEBD92241B48A00E6C99E /* StringExtension.swift */ = {isa = PBXFileReference; fileEncoding = 4; lastKnownFileType = sourcecode.swift; path = StringExtension.swift; sourceTree = "<group>"; };
		E97AEBDA2241B48A00E6C99E /* PreviewError.swift */ = {isa = PBXFileReference; fileEncoding = 4; lastKnownFileType = sourcecode.swift; path = PreviewError.swift; sourceTree = "<group>"; };
		E99062BF221B551E00F0063F /* arbrowser.app */ = {isa = PBXFileReference; explicitFileType = wrapper.application; includeInIndex = 0; path = arbrowser.app; sourceTree = BUILT_PRODUCTS_DIR; };
		E99062C2221B551E00F0063F /* AppDelegate.swift */ = {isa = PBXFileReference; lastKnownFileType = sourcecode.swift; path = AppDelegate.swift; sourceTree = "<group>"; };
		E99062C6221B551E00F0063F /* ViewController.swift */ = {isa = PBXFileReference; lastKnownFileType = sourcecode.swift; path = ViewController.swift; sourceTree = "<group>"; };
		E99062C9221B551E00F0063F /* Base */ = {isa = PBXFileReference; lastKnownFileType = file.storyboard; name = Base; path = Base.lproj/Main.storyboard; sourceTree = "<group>"; };
		E99062CB221B551F00F0063F /* Assets.xcassets */ = {isa = PBXFileReference; lastKnownFileType = folder.assetcatalog; path = Assets.xcassets; sourceTree = "<group>"; };
		E99062CE221B551F00F0063F /* Base */ = {isa = PBXFileReference; lastKnownFileType = file.storyboard; name = Base; path = Base.lproj/LaunchScreen.storyboard; sourceTree = "<group>"; };
		E99062D0221B551F00F0063F /* Info.plist */ = {isa = PBXFileReference; lastKnownFileType = text.plist.xml; path = Info.plist; sourceTree = "<group>"; };
		E99062E0221C732E00F0063F /* arbrowser-Bridging-Header.h */ = {isa = PBXFileReference; lastKnownFileType = sourcecode.c.h; path = "arbrowser-Bridging-Header.h"; sourceTree = "<group>"; };
		E99062E5221C783F00F0063F /* config.xml */ = {isa = PBXFileReference; fileEncoding = 4; lastKnownFileType = text.xml; path = config.xml; sourceTree = "<group>"; };
		E99EE73422247CD400492B84 /* libCordova.a */ = {isa = PBXFileReference; explicitFileType = archive.ar; path = libCordova.a; sourceTree = BUILT_PRODUCTS_DIR; };
		E9FCCC6A223082980074EC5F /* CBPeripheral+Extensions.m */ = {isa = PBXFileReference; fileEncoding = 4; lastKnownFileType = sourcecode.c.objc; path = "CBPeripheral+Extensions.m"; sourceTree = "<group>"; };
		E9FCCC6B223082980074EC5F /* BLECommandContext.m */ = {isa = PBXFileReference; fileEncoding = 4; lastKnownFileType = sourcecode.c.objc; path = BLECommandContext.m; sourceTree = "<group>"; };
		E9FCCC6C223082980074EC5F /* BLECentralPlugin.m */ = {isa = PBXFileReference; fileEncoding = 4; lastKnownFileType = sourcecode.c.objc; path = BLECentralPlugin.m; sourceTree = "<group>"; };
		E9FCCC6D223082980074EC5F /* CBPeripheral+Extensions.h */ = {isa = PBXFileReference; fileEncoding = 4; lastKnownFileType = sourcecode.c.h; path = "CBPeripheral+Extensions.h"; sourceTree = "<group>"; };
		E9FCCC6E223082980074EC5F /* BLECommandContext.h */ = {isa = PBXFileReference; fileEncoding = 4; lastKnownFileType = sourcecode.c.h; path = BLECommandContext.h; sourceTree = "<group>"; };
		E9FCCC6F223082980074EC5F /* BLECentralPlugin.h */ = {isa = PBXFileReference; fileEncoding = 4; lastKnownFileType = sourcecode.c.h; path = BLECentralPlugin.h; sourceTree = "<group>"; };
		E9FCCC70223082980074EC5F /* README */ = {isa = PBXFileReference; fileEncoding = 4; lastKnownFileType = text; path = README; sourceTree = "<group>"; };
		E9FCCC72223082980074EC5F /* GCDAsyncUdpSocket.m */ = {isa = PBXFileReference; fileEncoding = 4; lastKnownFileType = sourcecode.c.objc; path = GCDAsyncUdpSocket.m; sourceTree = "<group>"; };
		E9FCCC73223082980074EC5F /* GCDAsyncSocket.m */ = {isa = PBXFileReference; fileEncoding = 4; lastKnownFileType = sourcecode.c.objc; path = GCDAsyncSocket.m; sourceTree = "<group>"; };
		E9FCCC74223082980074EC5F /* GCDAsyncUdpSocket.h */ = {isa = PBXFileReference; fileEncoding = 4; lastKnownFileType = sourcecode.c.h; path = GCDAsyncUdpSocket.h; sourceTree = "<group>"; };
		E9FCCC75223082980074EC5F /* GCDAsyncSocket.h */ = {isa = PBXFileReference; fileEncoding = 4; lastKnownFileType = sourcecode.c.h; path = GCDAsyncSocket.h; sourceTree = "<group>"; };
		E9FCCC77223082980074EC5F /* ChromeSocketsUdp.m */ = {isa = PBXFileReference; fileEncoding = 4; lastKnownFileType = sourcecode.c.objc; path = ChromeSocketsUdp.m; sourceTree = "<group>"; };
		E9FCCC79223082980074EC5F /* CDVWKWebViewUIDelegate.h */ = {isa = PBXFileReference; fileEncoding = 4; lastKnownFileType = sourcecode.c.h; path = CDVWKWebViewUIDelegate.h; sourceTree = "<group>"; };
		E9FCCC7A223082980074EC5F /* CDVWKWebViewEngine.m */ = {isa = PBXFileReference; fileEncoding = 4; lastKnownFileType = sourcecode.c.objc; path = CDVWKWebViewEngine.m; sourceTree = "<group>"; };
		E9FCCC7B223082980074EC5F /* CDVWKProcessPoolFactory.h */ = {isa = PBXFileReference; fileEncoding = 4; lastKnownFileType = sourcecode.c.h; path = CDVWKProcessPoolFactory.h; sourceTree = "<group>"; };
		E9FCCC7C223082980074EC5F /* CDVWKWebViewUIDelegate.m */ = {isa = PBXFileReference; fileEncoding = 4; lastKnownFileType = sourcecode.c.objc; path = CDVWKWebViewUIDelegate.m; sourceTree = "<group>"; };
		E9FCCC7D223082980074EC5F /* CDVWKWebViewEngine.h */ = {isa = PBXFileReference; fileEncoding = 4; lastKnownFileType = sourcecode.c.h; path = CDVWKWebViewEngine.h; sourceTree = "<group>"; };
		E9FCCC7E223082980074EC5F /* CDVWKProcessPoolFactory.m */ = {isa = PBXFileReference; fileEncoding = 4; lastKnownFileType = sourcecode.c.objc; path = CDVWKProcessPoolFactory.m; sourceTree = "<group>"; };
/* End PBXFileReference section */

/* Begin PBXFrameworksBuildPhase section */
		E99062BC221B551E00F0063F /* Frameworks */ = {
			isa = PBXFrameworksBuildPhase;
			buildActionMask = 2147483647;
			files = (
				E97AEBD12241B1F200E6C99E /* libCordova.a in Frameworks */,
				E9575BBC22245BC400618F10 /* CoreBluetooth.framework in Frameworks */,
				E9575BBE22245C8900618F10 /* WebKit.framework in Frameworks */,
			);
			runOnlyForDeploymentPostprocessing = 0;
		};
/* End PBXFrameworksBuildPhase section */

/* Begin PBXGroup section */
		E9575B8D2224203D00618F10 /* Frameworks */ = {
			isa = PBXGroup;
			children = (
				E99EE73422247CD400492B84 /* libCordova.a */,
				E9575BBD22245C8800618F10 /* WebKit.framework */,
				E9575BB822245B1B00618F10 /* CoreBluetooth.framework */,
				E9575B942224205C00618F10 /* MobileCoreServices.framework */,
				E9575B922224205300618F10 /* CoreGraphics.framework */,
				E9575B902224204A00618F10 /* CoreLocation.framework */,
				E9575B8E2224203D00618F10 /* AssetsLibrary.framework */,
			);
			name = Frameworks;
			sourceTree = "<group>";
		};
		E97AEBC32241AFEB00E6C99E /* Products */ = {
			isa = PBXGroup;
			children = (
				E97AEBC92241AFEB00E6C99E /* libCordova.a */,
				E97AEBCB2241AFEB00E6C99E /* Cordova.framework */,
			);
			name = Products;
			sourceTree = "<group>";
		};
		E97AEBD22241B48A00E6C99E /* SwiftLinkPreview */ = {
			isa = PBXGroup;
			children = (
				E97AEBD32241B48A00E6C99E /* SwiftLinkPreview.swift */,
				E97AEBD42241B48A00E6C99E /* NSURLSessionExtension.swift */,
				E97AEBD52241B48A00E6C99E /* ResponseExtension.swift */,
				E97AEBD62241B48A00E6C99E /* Response.swift */,
				E97AEBD72241B48A00E6C99E /* Regex.swift */,
				E97AEBD82241B48A00E6C99E /* Cache.swift */,
				E97AEBD92241B48A00E6C99E /* StringExtension.swift */,
				E97AEBDA2241B48A00E6C99E /* PreviewError.swift */,
			);
			path = SwiftLinkPreview;
			sourceTree = "<group>";
		};
		E99062B6221B551E00F0063F = {
			isa = PBXGroup;
			children = (
				E99062C1221B551E00F0063F /* arbrowser */,
				E99062C0221B551E00F0063F /* Products */,
				E9575B8D2224203D00618F10 /* Frameworks */,
			);
			sourceTree = "<group>";
		};
		E99062C0221B551E00F0063F /* Products */ = {
			isa = PBXGroup;
			children = (
				E99062BF221B551E00F0063F /* arbrowser.app */,
			);
			name = Products;
			sourceTree = "<group>";
		};
		E99062C1221B551E00F0063F /* arbrowser */ = {
			isa = PBXGroup;
			children = (
				E99062C2221B551E00F0063F /* AppDelegate.swift */,
				E99062C6221B551E00F0063F /* ViewController.swift */,
				E99062C8221B551E00F0063F /* Main.storyboard */,
				E99062CD221B551F00F0063F /* LaunchScreen.storyboard */,
				E99062E0221C732E00F0063F /* arbrowser-Bridging-Header.h */,
				E99062E5221C783F00F0063F /* config.xml */,
				E99062D0221B551F00F0063F /* Info.plist */,
				E9FCCC67223082980074EC5F /* Plugins */,
				E9575B9D2224512C00618F10 /* www */,
				E99062CB221B551F00F0063F /* Assets.xcassets */,
				E97AEBC22241AFEB00E6C99E /* CordovaLib.xcodeproj */,
			);
			path = arbrowser;
			sourceTree = "<group>";
		};
		E9FCCC67223082980074EC5F /* Plugins */ = {
			isa = PBXGroup;
			children = (
				E97AEBD22241B48A00E6C99E /* SwiftLinkPreview */,
				E9FCCC68223082980074EC5F /* cordova-plugin-ble-central */,
				E9FCCC70223082980074EC5F /* README */,
				E9FCCC71223082980074EC5F /* cordova-plugin-chrome-apps-iossocketscommon */,
				E9FCCC76223082980074EC5F /* cordova-plugin-chrome-apps-sockets-udp */,
				E9FCCC78223082980074EC5F /* cordova-plugin-wkwebview-engine */,
			);
			path = Plugins;
			sourceTree = "<group>";
		};
		E9FCCC68223082980074EC5F /* cordova-plugin-ble-central */ = {
			isa = PBXGroup;
			children = (
				E9FCCC69223082980074EC5F /* BLECentralPlugin */,
			);
			path = "cordova-plugin-ble-central";
			sourceTree = "<group>";
		};
		E9FCCC69223082980074EC5F /* BLECentralPlugin */ = {
			isa = PBXGroup;
			children = (
				E9FCCC6A223082980074EC5F /* CBPeripheral+Extensions.m */,
				E9FCCC6B223082980074EC5F /* BLECommandContext.m */,
				E9FCCC6C223082980074EC5F /* BLECentralPlugin.m */,
				E9FCCC6D223082980074EC5F /* CBPeripheral+Extensions.h */,
				E9FCCC6E223082980074EC5F /* BLECommandContext.h */,
				E9FCCC6F223082980074EC5F /* BLECentralPlugin.h */,
			);
			path = BLECentralPlugin;
			sourceTree = "<group>";
		};
		E9FCCC71223082980074EC5F /* cordova-plugin-chrome-apps-iossocketscommon */ = {
			isa = PBXGroup;
			children = (
				E9FCCC72223082980074EC5F /* GCDAsyncUdpSocket.m */,
				E9FCCC73223082980074EC5F /* GCDAsyncSocket.m */,
				E9FCCC74223082980074EC5F /* GCDAsyncUdpSocket.h */,
				E9FCCC75223082980074EC5F /* GCDAsyncSocket.h */,
			);
			path = "cordova-plugin-chrome-apps-iossocketscommon";
			sourceTree = "<group>";
		};
		E9FCCC76223082980074EC5F /* cordova-plugin-chrome-apps-sockets-udp */ = {
			isa = PBXGroup;
			children = (
				E9FCCC77223082980074EC5F /* ChromeSocketsUdp.m */,
			);
			path = "cordova-plugin-chrome-apps-sockets-udp";
			sourceTree = "<group>";
		};
		E9FCCC78223082980074EC5F /* cordova-plugin-wkwebview-engine */ = {
			isa = PBXGroup;
			children = (
				E9FCCC79223082980074EC5F /* CDVWKWebViewUIDelegate.h */,
				E9FCCC7A223082980074EC5F /* CDVWKWebViewEngine.m */,
				E9FCCC7B223082980074EC5F /* CDVWKProcessPoolFactory.h */,
				E9FCCC7C223082980074EC5F /* CDVWKWebViewUIDelegate.m */,
				E9FCCC7D223082980074EC5F /* CDVWKWebViewEngine.h */,
				E9FCCC7E223082980074EC5F /* CDVWKProcessPoolFactory.m */,
			);
			path = "cordova-plugin-wkwebview-engine";
			sourceTree = "<group>";
		};
/* End PBXGroup section */

/* Begin PBXNativeTarget section */
		E99062BE221B551E00F0063F /* arbrowser */ = {
			isa = PBXNativeTarget;
			buildConfigurationList = E99062D3221B551F00F0063F /* Build configuration list for PBXNativeTarget "arbrowser" */;
			buildPhases = (
				E99062BB221B551E00F0063F /* Sources */,
				E99062BC221B551E00F0063F /* Frameworks */,
				E99062BD221B551E00F0063F /* Resources */,
				E99062FE221C7F8700F0063F /* Embed Frameworks */,
			);
			buildRules = (
			);
			dependencies = (
				E97AEBCD2241B09A00E6C99E /* PBXTargetDependency */,
			);
			name = arbrowser;
			productName = arbrowser;
			productReference = E99062BF221B551E00F0063F /* arbrowser.app */;
			productType = "com.apple.product-type.application";
		};
/* End PBXNativeTarget section */

/* Begin PBXProject section */
		E99062B7221B551E00F0063F /* Project object */ = {
			isa = PBXProject;
			attributes = {
				LastSwiftUpdateCheck = 1010;
				LastUpgradeCheck = 1010;
				ORGANIZATIONNAME = Lab11;
				TargetAttributes = {
					E99062BE221B551E00F0063F = {
						CreatedOnToolsVersion = 10.1;
						LastSwiftMigration = 1010;
					};
				};
			};
			buildConfigurationList = E99062BA221B551E00F0063F /* Build configuration list for PBXProject "arbrowser" */;
			compatibilityVersion = "Xcode 9.3";
			developmentRegion = en;
			hasScannedForEncodings = 0;
			knownRegions = (
				en,
				Base,
			);
			mainGroup = E99062B6221B551E00F0063F;
			productRefGroup = E99062C0221B551E00F0063F /* Products */;
			projectDirPath = "";
			projectReferences = (
				{
					ProductGroup = E97AEBC32241AFEB00E6C99E /* Products */;
					ProjectRef = E97AEBC22241AFEB00E6C99E /* CordovaLib.xcodeproj */;
				},
			);
			projectRoot = "";
			targets = (
				E99062BE221B551E00F0063F /* arbrowser */,
			);
		};
/* End PBXProject section */

/* Begin PBXReferenceProxy section */
		E97AEBC92241AFEB00E6C99E /* libCordova.a */ = {
			isa = PBXReferenceProxy;
			fileType = archive.ar;
			path = libCordova.a;
			remoteRef = E97AEBC82241AFEB00E6C99E /* PBXContainerItemProxy */;
			sourceTree = BUILT_PRODUCTS_DIR;
		};
		E97AEBCB2241AFEB00E6C99E /* Cordova.framework */ = {
			isa = PBXReferenceProxy;
			fileType = wrapper.framework;
			path = Cordova.framework;
			remoteRef = E97AEBCA2241AFEB00E6C99E /* PBXContainerItemProxy */;
			sourceTree = BUILT_PRODUCTS_DIR;
		};
/* End PBXReferenceProxy section */

/* Begin PBXResourcesBuildPhase section */
		E99062BD221B551E00F0063F /* Resources */ = {
			isa = PBXResourcesBuildPhase;
			buildActionMask = 2147483647;
			files = (
				E9FCCC82223082980074EC5F /* README in Resources */,
				E99062CF221B551F00F0063F /* LaunchScreen.storyboard in Resources */,
				E99062CC221B551F00F0063F /* Assets.xcassets in Resources */,
				E99062CA221B551E00F0063F /* Main.storyboard in Resources */,
				E9575B9E2224512D00618F10 /* www in Resources */,
				E99062E6221C783F00F0063F /* config.xml in Resources */,
			);
			runOnlyForDeploymentPostprocessing = 0;
		};
/* End PBXResourcesBuildPhase section */

/* Begin PBXSourcesBuildPhase section */
		E99062BB221B551E00F0063F /* Sources */ = {
			isa = PBXSourcesBuildPhase;
			buildActionMask = 2147483647;
			files = (
				E9FCCC85223082980074EC5F /* ChromeSocketsUdp.m in Sources */,
				E97AEBDF2241B48A00E6C99E /* Regex.swift in Sources */,
				E99062C7221B551E00F0063F /* ViewController.swift in Sources */,
				E97AEBDB2241B48A00E6C99E /* SwiftLinkPreview.swift in Sources */,
				E97AEBE02241B48A00E6C99E /* Cache.swift in Sources */,
				E9FCCC80223082980074EC5F /* BLECommandContext.m in Sources */,
				E97AEBDE2241B48A00E6C99E /* Response.swift in Sources */,
				E9FCCC86223082980074EC5F /* CDVWKWebViewEngine.m in Sources */,
				E9FCCC87223082980074EC5F /* CDVWKWebViewUIDelegate.m in Sources */,
				E97AEBDC2241B48A00E6C99E /* NSURLSessionExtension.swift in Sources */,
				E97AEBE22241B48A00E6C99E /* PreviewError.swift in Sources */,
				E9FCCC81223082980074EC5F /* BLECentralPlugin.m in Sources */,
				E9FCCC88223082980074EC5F /* CDVWKProcessPoolFactory.m in Sources */,
				E99062C3221B551E00F0063F /* AppDelegate.swift in Sources */,
				E9FCCC83223082980074EC5F /* GCDAsyncUdpSocket.m in Sources */,
				E97AEBE12241B48A00E6C99E /* StringExtension.swift in Sources */,
				E9FCCC84223082980074EC5F /* GCDAsyncSocket.m in Sources */,
				E97AEBDD2241B48A00E6C99E /* ResponseExtension.swift in Sources */,
				E9FCCC7F223082980074EC5F /* CBPeripheral+Extensions.m in Sources */,
			);
			runOnlyForDeploymentPostprocessing = 0;
		};
/* End PBXSourcesBuildPhase section */

/* Begin PBXTargetDependency section */
		E97AEBCD2241B09A00E6C99E /* PBXTargetDependency */ = {
			isa = PBXTargetDependency;
			name = CordovaLib;
			targetProxy = E97AEBCC2241B09A00E6C99E /* PBXContainerItemProxy */;
		};
/* End PBXTargetDependency section */

/* Begin PBXVariantGroup section */
		E99062C8221B551E00F0063F /* Main.storyboard */ = {
			isa = PBXVariantGroup;
			children = (
				E99062C9221B551E00F0063F /* Base */,
			);
			name = Main.storyboard;
			sourceTree = "<group>";
		};
		E99062CD221B551F00F0063F /* LaunchScreen.storyboard */ = {
			isa = PBXVariantGroup;
			children = (
				E99062CE221B551F00F0063F /* Base */,
			);
			name = LaunchScreen.storyboard;
			sourceTree = "<group>";
		};
/* End PBXVariantGroup section */

/* Begin XCBuildConfiguration section */
		E99062D1221B551F00F0063F /* Debug */ = {
			isa = XCBuildConfiguration;
			buildSettings = {
				ALWAYS_SEARCH_USER_PATHS = NO;
				CLANG_ANALYZER_NONNULL = YES;
				CLANG_ANALYZER_NUMBER_OBJECT_CONVERSION = YES_AGGRESSIVE;
				CLANG_CXX_LANGUAGE_STANDARD = "gnu++14";
				CLANG_CXX_LIBRARY = "libc++";
				CLANG_ENABLE_MODULES = YES;
				CLANG_ENABLE_OBJC_ARC = YES;
				CLANG_ENABLE_OBJC_WEAK = YES;
				CLANG_WARN_BLOCK_CAPTURE_AUTORELEASING = YES;
				CLANG_WARN_BOOL_CONVERSION = YES;
				CLANG_WARN_COMMA = YES;
				CLANG_WARN_CONSTANT_CONVERSION = YES;
				CLANG_WARN_DEPRECATED_OBJC_IMPLEMENTATIONS = YES;
				CLANG_WARN_DIRECT_OBJC_ISA_USAGE = YES_ERROR;
				CLANG_WARN_DOCUMENTATION_COMMENTS = YES;
				CLANG_WARN_EMPTY_BODY = YES;
				CLANG_WARN_ENUM_CONVERSION = YES;
				CLANG_WARN_INFINITE_RECURSION = YES;
				CLANG_WARN_INT_CONVERSION = YES;
				CLANG_WARN_NON_LITERAL_NULL_CONVERSION = YES;
				CLANG_WARN_OBJC_IMPLICIT_RETAIN_SELF = YES;
				CLANG_WARN_OBJC_LITERAL_CONVERSION = YES;
				CLANG_WARN_OBJC_ROOT_CLASS = YES_ERROR;
				CLANG_WARN_RANGE_LOOP_ANALYSIS = YES;
				CLANG_WARN_STRICT_PROTOTYPES = YES;
				CLANG_WARN_SUSPICIOUS_MOVE = YES;
				CLANG_WARN_UNGUARDED_AVAILABILITY = YES_AGGRESSIVE;
				CLANG_WARN_UNREACHABLE_CODE = YES;
				CLANG_WARN__DUPLICATE_METHOD_MATCH = YES;
				CODE_SIGN_IDENTITY = "iPhone Developer";
				COPY_PHASE_STRIP = NO;
				DEBUG_INFORMATION_FORMAT = dwarf;
				ENABLE_STRICT_OBJC_MSGSEND = YES;
				ENABLE_TESTABILITY = YES;
				GCC_C_LANGUAGE_STANDARD = gnu11;
				GCC_DYNAMIC_NO_PIC = NO;
				GCC_NO_COMMON_BLOCKS = YES;
				GCC_OPTIMIZATION_LEVEL = 0;
				GCC_PREPROCESSOR_DEFINITIONS = (
					"DEBUG=1",
					"$(inherited)",
				);
				GCC_WARN_64_TO_32_BIT_CONVERSION = YES;
				GCC_WARN_ABOUT_RETURN_TYPE = YES_ERROR;
				GCC_WARN_UNDECLARED_SELECTOR = YES;
				GCC_WARN_UNINITIALIZED_AUTOS = YES_AGGRESSIVE;
				GCC_WARN_UNUSED_FUNCTION = YES;
				GCC_WARN_UNUSED_VARIABLE = YES;
				IPHONEOS_DEPLOYMENT_TARGET = 12.1;
				MTL_ENABLE_DEBUG_INFO = INCLUDE_SOURCE;
				MTL_FAST_MATH = YES;
				ONLY_ACTIVE_ARCH = YES;
				SDKROOT = iphoneos;
				SWIFT_ACTIVE_COMPILATION_CONDITIONS = DEBUG;
				SWIFT_OPTIMIZATION_LEVEL = "-Onone";
			};
			name = Debug;
		};
		E99062D2221B551F00F0063F /* Release */ = {
			isa = XCBuildConfiguration;
			buildSettings = {
				ALWAYS_SEARCH_USER_PATHS = NO;
				CLANG_ANALYZER_NONNULL = YES;
				CLANG_ANALYZER_NUMBER_OBJECT_CONVERSION = YES_AGGRESSIVE;
				CLANG_CXX_LANGUAGE_STANDARD = "gnu++14";
				CLANG_CXX_LIBRARY = "libc++";
				CLANG_ENABLE_MODULES = YES;
				CLANG_ENABLE_OBJC_ARC = YES;
				CLANG_ENABLE_OBJC_WEAK = YES;
				CLANG_WARN_BLOCK_CAPTURE_AUTORELEASING = YES;
				CLANG_WARN_BOOL_CONVERSION = YES;
				CLANG_WARN_COMMA = YES;
				CLANG_WARN_CONSTANT_CONVERSION = YES;
				CLANG_WARN_DEPRECATED_OBJC_IMPLEMENTATIONS = YES;
				CLANG_WARN_DIRECT_OBJC_ISA_USAGE = YES_ERROR;
				CLANG_WARN_DOCUMENTATION_COMMENTS = YES;
				CLANG_WARN_EMPTY_BODY = YES;
				CLANG_WARN_ENUM_CONVERSION = YES;
				CLANG_WARN_INFINITE_RECURSION = YES;
				CLANG_WARN_INT_CONVERSION = YES;
				CLANG_WARN_NON_LITERAL_NULL_CONVERSION = YES;
				CLANG_WARN_OBJC_IMPLICIT_RETAIN_SELF = YES;
				CLANG_WARN_OBJC_LITERAL_CONVERSION = YES;
				CLANG_WARN_OBJC_ROOT_CLASS = YES_ERROR;
				CLANG_WARN_RANGE_LOOP_ANALYSIS = YES;
				CLANG_WARN_STRICT_PROTOTYPES = YES;
				CLANG_WARN_SUSPICIOUS_MOVE = YES;
				CLANG_WARN_UNGUARDED_AVAILABILITY = YES_AGGRESSIVE;
				CLANG_WARN_UNREACHABLE_CODE = YES;
				CLANG_WARN__DUPLICATE_METHOD_MATCH = YES;
				CODE_SIGN_IDENTITY = "iPhone Developer";
				COPY_PHASE_STRIP = NO;
				DEBUG_INFORMATION_FORMAT = "dwarf-with-dsym";
				ENABLE_NS_ASSERTIONS = NO;
				ENABLE_STRICT_OBJC_MSGSEND = YES;
				GCC_C_LANGUAGE_STANDARD = gnu11;
				GCC_NO_COMMON_BLOCKS = YES;
				GCC_WARN_64_TO_32_BIT_CONVERSION = YES;
				GCC_WARN_ABOUT_RETURN_TYPE = YES_ERROR;
				GCC_WARN_UNDECLARED_SELECTOR = YES;
				GCC_WARN_UNINITIALIZED_AUTOS = YES_AGGRESSIVE;
				GCC_WARN_UNUSED_FUNCTION = YES;
				GCC_WARN_UNUSED_VARIABLE = YES;
				IPHONEOS_DEPLOYMENT_TARGET = 12.1;
				MTL_ENABLE_DEBUG_INFO = NO;
				MTL_FAST_MATH = YES;
				SDKROOT = iphoneos;
				SWIFT_COMPILATION_MODE = wholemodule;
				SWIFT_OPTIMIZATION_LEVEL = "-O";
				VALIDATE_PRODUCT = YES;
			};
			name = Release;
		};
		E99062D4221B551F00F0063F /* Debug */ = {
			isa = XCBuildConfiguration;
			buildSettings = {
				ASSETCATALOG_COMPILER_APPICON_NAME = AppIcon;
				CLANG_ENABLE_MODULES = YES;
				CODE_SIGN_STYLE = Automatic;
				DEVELOPMENT_TEAM = 77RS4Q55EN;
				FRAMEWORK_SEARCH_PATHS = (
					"$(inherited)",
					"$(PROJECT_DIR)",
					"$(PROJECT_DIR)/arbrowser",
				);
				HEADER_SEARCH_PATHS = (
					"\"$(TARGET_BUILD_DIR)/usr/local/lib/include\"",
					"\"$(OBJROOT)/UninstalledProducts/include\"",
					"\"$(OBJROOT)/UninstalledProducts/$(PLATFORM_NAME)/include\"",
					"\"$(BUILT_PRODUCTS_DIR)\"",
				);
				INFOPLIST_FILE = arbrowser/Info.plist;
				IPHONEOS_DEPLOYMENT_TARGET = 11.0;
				LD_RUNPATH_SEARCH_PATHS = (
					"$(inherited)",
					"@executable_path/Frameworks",
				);
				OTHER_LDFLAGS = "-ObjC";
				PRODUCT_BUNDLE_IDENTIFIER = edu.berkeley.eecs.lab11.arbrowser;
				PRODUCT_NAME = "$(TARGET_NAME)";
				SWIFT_OBJC_BRIDGING_HEADER = "arbrowser/arbrowser-Bridging-Header.h";
				SWIFT_OPTIMIZATION_LEVEL = "-Onone";
				SWIFT_VERSION = 4.2;
				TARGETED_DEVICE_FAMILY = "1,2";
			};
			name = Debug;
		};
		E99062D5221B551F00F0063F /* Release */ = {
			isa = XCBuildConfiguration;
			buildSettings = {
				ASSETCATALOG_COMPILER_APPICON_NAME = AppIcon;
				CLANG_ENABLE_MODULES = YES;
				CODE_SIGN_STYLE = Automatic;
				DEVELOPMENT_TEAM = 77RS4Q55EN;
				FRAMEWORK_SEARCH_PATHS = (
					"$(inherited)",
					"$(PROJECT_DIR)",
					"$(PROJECT_DIR)/arbrowser",
				);
				HEADER_SEARCH_PATHS = (
					"\"$(TARGET_BUILD_DIR)/usr/local/lib/include\"",
					"\"$(OBJROOT)/UninstalledProducts/include\"",
					"\"$(OBJROOT)/UninstalledProducts/$(PLATFORM_NAME)/include\"",
					"\"$(BUILT_PRODUCTS_DIR)\"",
				);
				INFOPLIST_FILE = arbrowser/Info.plist;
				IPHONEOS_DEPLOYMENT_TARGET = 11.0;
				LD_RUNPATH_SEARCH_PATHS = (
					"$(inherited)",
					"@executable_path/Frameworks",
				);
				OTHER_LDFLAGS = "-ObjC";
				PRODUCT_BUNDLE_IDENTIFIER = edu.berkeley.eecs.lab11.arbrowser;
				PRODUCT_NAME = "$(TARGET_NAME)";
				SWIFT_OBJC_BRIDGING_HEADER = "arbrowser/arbrowser-Bridging-Header.h";
				SWIFT_VERSION = 4.2;
				TARGETED_DEVICE_FAMILY = "1,2";
			};
			name = Release;
		};
/* End XCBuildConfiguration section */

/* Begin XCConfigurationList section */
		E99062BA221B551E00F0063F /* Build configuration list for PBXProject "arbrowser" */ = {
			isa = XCConfigurationList;
			buildConfigurations = (
				E99062D1221B551F00F0063F /* Debug */,
				E99062D2221B551F00F0063F /* Release */,
			);
			defaultConfigurationIsVisible = 0;
			defaultConfigurationName = Release;
		};
		E99062D3221B551F00F0063F /* Build configuration list for PBXNativeTarget "arbrowser" */ = {
			isa = XCConfigurationList;
			buildConfigurations = (
				E99062D4221B551F00F0063F /* Debug */,
				E99062D5221B551F00F0063F /* Release */,
			);
			defaultConfigurationIsVisible = 0;
			defaultConfigurationName = Release;
		};
/* End XCConfigurationList section */
	};
	rootObject = E99062B7221B551E00F0063F /* Project object */;
}
